
Microsoft Visual Studio Solution File, Format Version 12.00
# Visual Studio Version 17
VisualStudioVersion = 17.8.34330.188
MinimumVisualStudioVersion = 10.0.40219.1
Project("{FAE04EC0-301F-11D3-BF4B-00C04F79EFBC}") = "SolidworksAPIAPI", "SolidworksAPIAPI\SolidworksAPIAPI.csproj", "{A36ECE49-BB42-44E5-8C37-1F906A149296}"
EndProject
Project("{FAE04EC0-301F-11D3-BF4B-00C04F79EFBC}") = "SMZ_CADExportTool", "SMZ_CADExportTool\SMZ_CADExportTool.csproj", "{E8F99FF9-40FF-453C-81B1-2E18E18E60C0}"
EndProject
Project("{FAE04EC0-301F-11D3-BF4B-00C04F79EFBC}") = "TestProject2", "TestProject2\TestProject2.csproj", "{D2A035A3-E612-4F57-A897-A52861366D82}"
EndProject
Project("{FAE04EC0-301F-11D3-BF4B-00C04F79EFBC}") = "CADExportTool.Core", "CADExportTool.Core\CADExportTool.Core.csproj", "{DF3CFDB8-59FE-47C2-BC41-4C65070A1EB0}"
EndProject
Project("{FAE04EC0-301F-11D3-BF4B-00C04F79EFBC}") = "CADExportTool.Services", "CADExportTool.Services\CADExportTool.Services.csproj", "{5552D403-F304-45B3-A205-B91505EDE8F3}"
EndProject
Project("{FAE04EC0-301F-11D3-BF4B-00C04F79EFBC}") = "CADExportTool.WPF", "CADExportTool.WPF\CADExportTool.WPF.csproj", "{539D1C0D-94EA-4150-BF01-F670A6EF4E54}"
EndProject
Global
	GlobalSection(SolutionConfigurationPlatforms) = preSolution
		Debug|Any CPU = Debug|Any CPU
		Debug|x64 = Debug|x64
		Debug|x86 = Debug|x86
		Release|Any CPU = Release|Any CPU
		Release|x64 = Release|x64
		Release|x86 = Release|x86
	EndGlobalSection
	GlobalSection(ProjectConfigurationPlatforms) = postSolution
		{A36ECE49-BB42-44E5-8C37-1F906A149296}.Debug|Any CPU.ActiveCfg = Debug|Any CPU
		{A36ECE49-BB42-44E5-8C37-1F906A149296}.Debug|Any CPU.Build.0 = Debug|Any CPU
		{A36ECE49-BB42-44E5-8C37-1F906A149296}.Debug|x64.ActiveCfg = Debug|Any CPU
		{A36ECE49-BB42-44E5-8C37-1F906A149296}.Debug|x64.Build.0 = Debug|Any CPU
		{A36ECE49-BB42-44E5-8C37-1F906A149296}.Debug|x86.ActiveCfg = Debug|Any CPU
		{A36ECE49-BB42-44E5-8C37-1F906A149296}.Debug|x86.Build.0 = Debug|Any CPU
		{A36ECE49-BB42-44E5-8C37-1F906A149296}.Release|Any CPU.ActiveCfg = Release|Any CPU
		{A36ECE49-BB42-44E5-8C37-1F906A149296}.Release|Any CPU.Build.0 = Release|Any CPU
		{A36ECE49-BB42-44E5-8C37-1F906A149296}.Release|x64.ActiveCfg = Release|Any CPU
		{A36ECE49-BB42-44E5-8C37-1F906A149296}.Release|x64.Build.0 = Release|Any CPU
		{A36ECE49-BB42-44E5-8C37-1F906A149296}.Release|x86.ActiveCfg = Release|Any CPU
		{A36ECE49-BB42-44E5-8C37-1F906A149296}.Release|x86.Build.0 = Release|Any CPU
		{E8F99FF9-40FF-453C-81B1-2E18E18E60C0}.Debug|Any CPU.ActiveCfg = Debug|Any CPU
		{E8F99FF9-40FF-453C-81B1-2E18E18E60C0}.Debug|Any CPU.Build.0 = Debug|Any CPU
		{E8F99FF9-40FF-453C-81B1-2E18E18E60C0}.Debug|x64.ActiveCfg = Debug|Any CPU
		{E8F99FF9-40FF-453C-81B1-2E18E18E60C0}.Debug|x64.Build.0 = Debug|Any CPU
		{E8F99FF9-40FF-453C-81B1-2E18E18E60C0}.Debug|x86.ActiveCfg = Debug|Any CPU
		{E8F99FF9-40FF-453C-81B1-2E18E18E60C0}.Debug|x86.Build.0 = Debug|Any CPU
		{E8F99FF9-40FF-453C-81B1-2E18E18E60C0}.Release|Any CPU.ActiveCfg = Release|Any CPU
		{E8F99FF9-40FF-453C-81B1-2E18E18E60C0}.Release|Any CPU.Build.0 = Release|Any CPU
		{E8F99FF9-40FF-453C-81B1-2E18E18E60C0}.Release|x64.ActiveCfg = Release|Any CPU
		{E8F99FF9-40FF-453C-81B1-2E18E18E60C0}.Release|x64.Build.0 = Release|Any CPU
		{E8F99FF9-40FF-453C-81B1-2E18E18E60C0}.Release|x86.ActiveCfg = Release|Any CPU
		{E8F99FF9-40FF-453C-81B1-2E18E18E60C0}.Release|x86.Build.0 = Release|Any CPU
		{D2A035A3-E612-4F57-A897-A52861366D82}.Debug|Any CPU.ActiveCfg = Debug|Any CPU
		{D2A035A3-E612-4F57-A897-A52861366D82}.Debug|Any CPU.Build.0 = Debug|Any CPU
		{D2A035A3-E612-4F57-A897-A52861366D82}.Debug|x64.ActiveCfg = Debug|Any CPU
		{D2A035A3-E612-4F57-A897-A52861366D82}.Debug|x64.Build.0 = Debug|Any CPU
		{D2A035A3-E612-4F57-A897-A52861366D82}.Debug|x86.ActiveCfg = Debug|Any CPU
		{D2A035A3-E612-4F57-A897-A52861366D82}.Debug|x86.Build.0 = Debug|Any CPU
		{D2A035A3-E612-4F57-A897-A52861366D82}.Release|Any CPU.ActiveCfg = Release|Any CPU
		{D2A035A3-E612-4F57-A897-A52861366D82}.Release|Any CPU.Build.0 = Release|Any CPU
		{D2A035A3-E612-4F57-A897-A52861366D82}.Release|x64.ActiveCfg = Release|Any CPU
		{D2A035A3-E612-4F57-A897-A52861366D82}.Release|x64.Build.0 = Release|Any CPU
		{D2A035A3-E612-4F57-A897-A52861366D82}.Release|x86.ActiveCfg = Release|Any CPU
		{D2A035A3-E612-4F57-A897-A52861366D82}.Release|x86.Build.0 = Release|Any CPU
		{DF3CFDB8-59FE-47C2-BC41-4C65070A1EB0}.Debug|Any CPU.ActiveCfg = Debug|Any CPU
		{DF3CFDB8-59FE-47C2-BC41-4C65070A1EB0}.Debug|Any CPU.Build.0 = Debug|Any CPU
		{DF3CFDB8-59FE-47C2-BC41-4C65070A1EB0}.Debug|x64.ActiveCfg = Debug|Any CPU
		{DF3CFDB8-59FE-47C2-BC41-4C65070A1EB0}.Debug|x64.Build.0 = Debug|Any CPU
		{DF3CFDB8-59FE-47C2-BC41-4C65070A1EB0}.Debug|x86.ActiveCfg = Debug|Any CPU
		{DF3CFDB8-59FE-47C2-BC41-4C65070A1EB0}.Debug|x86.Build.0 = Debug|Any CPU
		{DF3CFDB8-59FE-47C2-BC41-4C65070A1EB0}.Release|Any CPU.ActiveCfg = Release|Any CPU
		{DF3CFDB8-59FE-47C2-BC41-4C65070A1EB0}.Release|Any CPU.Build.0 = Release|Any CPU
		{DF3CFDB8-59FE-47C2-BC41-4C65070A1EB0}.Release|x64.ActiveCfg = Release|Any CPU
		{DF3CFDB8-59FE-47C2-BC41-4C65070A1EB0}.Release|x64.Build.0 = Release|Any CPU
		{DF3CFDB8-59FE-47C2-BC41-4C65070A1EB0}.Release|x86.ActiveCfg = Release|Any CPU
		{DF3CFDB8-59FE-47C2-BC41-4C65070A1EB0}.Release|x86.Build.0 = Release|Any CPU
		{5552D403-F304-45B3-A205-B91505EDE8F3}.Debug|Any CPU.ActiveCfg = Debug|Any CPU
		{5552D403-F304-45B3-A205-B91505EDE8F3}.Debug|Any CPU.Build.0 = Debug|Any CPU
		{5552D403-F304-45B3-A205-B91505EDE8F3}.Debug|x64.ActiveCfg = Debug|Any CPU
		{5552D403-F304-45B3-A205-B91505EDE8F3}.Debug|x64.Build.0 = Debug|Any CPU
		{5552D403-F304-45B3-A205-B91505EDE8F3}.Debug|x86.ActiveCfg = Debug|Any CPU
		{5552D403-F304-45B3-A205-B91505EDE8F3}.Debug|x86.Build.0 = Debug|Any CPU
		{5552D403-F304-45B3-A205-B91505EDE8F3}.Release|Any CPU.ActiveCfg = Release|Any CPU
		{5552D403-F304-45B3-A205-B91505EDE8F3}.Release|Any CPU.Build.0 = Release|Any CPU
		{5552D403-F304-45B3-A205-B91505EDE8F3}.Release|x64.ActiveCfg = Release|Any CPU
		{5552D403-F304-45B3-A205-B91505EDE8F3}.Release|x64.Build.0 = Release|Any CPU
		{5552D403-F304-45B3-A205-B91505EDE8F3}.Release|x86.ActiveCfg = Release|Any CPU
		{5552D403-F304-45B3-A205-B91505EDE8F3}.Release|x86.Build.0 = Release|Any CPU
		{539D1C0D-94EA-4150-BF01-F670A6EF4E54}.Debug|Any CPU.ActiveCfg = Debug|Any CPU
		{539D1C0D-94EA-4150-BF01-F670A6EF4E54}.Debug|Any CPU.Build.0 = Debug|Any CPU
		{539D1C0D-94EA-4150-BF01-F670A6EF4E54}.Debug|x64.ActiveCfg = Debug|Any CPU
		{539D1C0D-94EA-4150-BF01-F670A6EF4E54}.Debug|x64.Build.0 = Debug|Any CPU
		{539D1C0D-94EA-4150-BF01-F670A6EF4E54}.Debug|x86.ActiveCfg = Debug|Any CPU
		{539D1C0D-94EA-4150-BF01-F670A6EF4E54}.Debug|x86.Build.0 = Debug|Any CPU
		{539D1C0D-94EA-4150-BF01-F670A6EF4E54}.Release|Any CPU.ActiveCfg = Release|Any CPU
		{539D1C0D-94EA-4150-BF01-F670A6EF4E54}.Release|Any CPU.Build.0 = Release|Any CPU
		{539D1C0D-94EA-4150-BF01-F670A6EF4E54}.Release|x64.ActiveCfg = Release|Any CPU
		{539D1C0D-94EA-4150-BF01-F670A6EF4E54}.Release|x64.Build.0 = Release|Any CPU
		{539D1C0D-94EA-4150-BF01-F670A6EF4E54}.Release|x86.ActiveCfg = Release|Any CPU
		{539D1C0D-94EA-4150-BF01-F670A6EF4E54}.Release|x86.Build.0 = Release|Any CPU
	EndGlobalSection
	GlobalSection(SolutionProperties) = preSolution
		HideSolutionNode = FALSE
	EndGlobalSection
	GlobalSection(ExtensibilityGlobals) = postSolution
		SolutionGuid = {AA42150F-4EEB-45BB-BA43-736B33DBE7B6}
	EndGlobalSection
EndGlobal
