
Microsoft Visual Studio Solution File, Format Version 12.00
# Visual Studio Version 17
VisualStudioVersion = 17.8.34330.188
MinimumVisualStudioVersion = 10.0.40219.1
Project("{FAE04EC0-301F-11D3-BF4B-00C04F79EFBC}") = "CADExportTool4", "CADExportTool4\CADExportTool4.csproj", "{E2432AFA-7B0C-4EA3-A66F-2F3BE3474C58}"
EndProject
Global
	GlobalSection(SolutionConfigurationPlatforms) = preSolution
		Debug|Any CPU = Debug|Any CPU
		Release|Any CPU = Release|Any CPU
	EndGlobalSection
	GlobalSection(ProjectConfigurationPlatforms) = postSolution
		{E2432AFA-7B0C-4EA3-A66F-2F3BE3474C58}.Debug|Any CPU.ActiveCfg = Debug|Any CPU
		{E2432AFA-7B0C-4EA3-A66F-2F3BE3474C58}.Debug|Any CPU.Build.0 = Debug|Any CPU
		{E2432AFA-7B0C-4EA3-A66F-2F3BE3474C58}.Release|Any CPU.ActiveCfg = Release|Any CPU
		{E2432AFA-7B0C-4EA3-A66F-2F3BE3474C58}.Release|Any CPU.Build.0 = Release|Any CPU
	EndGlobalSection
	GlobalSection(SolutionProperties) = preSolution
		HideSolutionNode = FALSE
	EndGlobalSection
	GlobalSection(ExtensibilityGlobals) = postSolution
		SolutionGuid = {AA42150F-4EEB-45BB-BA43-736B33DBE7B6}
	EndGlobalSection
EndGlobal
